{
  "nodes": {
    "nixpkgs": {
      "locked": {
        "lastModified": 1725001927,
        "narHash": "sha256-eV+63gK0Mp7ygCR0Oy4yIYSNcum2VQwnZamHxYTNi+M=",
        "rev": "6e99f2a27d600612004fbd2c3282d614bfee6421",
        "revCount": 634639,
        "type": "tarball",
        "url": "https://api.flakehub.com/f/pinned/NixOS/nixpkgs/0.2405.634639%2Brev-6e99f2a27d600612004fbd2c3282d614bfee6421/0191a7d0-c5e0-7b4c-b092-12c5992bb5cf/source.tar.gz"
      },
      "original": {
        "type": "tarball",
        "url": "https://flakehub.com/f/NixOS/nixpkgs/%2A.tar.gz"
      }
    },
    "nixpkgs_2": {
      "locked": {
        "lastModified": 1718428119,
        "narHash": "sha256-WdWDpNaq6u1IPtxtYHHWpl5BmabtpmLnMAx0RdJ/vo8=",
        "owner": "NixOS",
        "repo": "nixpkgs",
        "rev": "e6cea36f83499eb4e9cd184c8a8e823296b50ad5",
        "type": "github"
      },
      "original": {
        "owner": "NixOS",
        "ref": "nixpkgs-unstable",
        "repo": "nixpkgs",
        "type": "github"
      }
    },
    "root": {
      "inputs": {
        "nixpkgs": "nixpkgs",
        "rust-overlay": "rust-overlay"
      }
    },
    "rust-overlay": {
      "inputs": {
        "nixpkgs": "nixpkgs_2"
      },
      "locked": {
        "lastModified": 1724984647,
        "narHash": "sha256-BC6MUq0CTdmAu/cueVcdWTI+S95s0mJcn19SoEgd7gU=",
        "rev": "87b6cffc276795b46ef544d7ed8d7fed6ad9c8e4",
        "revCount": 1512,
        "type": "tarball",
        "url": "https://api.flakehub.com/f/pinned/oxalica/rust-overlay/0.1.1512%2Brev-87b6cffc276795b46ef544d7ed8d7fed6ad9c8e4/0191a11a-ea47-7752-be70-2e7aeb487ba2/source.tar.gz"
      },
      "original": {
        "type": "tarball",
        "url": "https://flakehub.com/f/oxalica/rust-overlay/%2A.tar.gz"
      }
    }
  },
  "root": "root",
  "version": 7
}
